
Microsoft Visual Studio Solution File, Format Version 12.00
# Visual Studio Version 17
VisualStudioVersion = 17.3.32901.215
MinimumVisualStudioVersion = 10.0.40219.1
Project("{FAE04EC0-301F-11D3-BF4B-00C04F79EFBC}") = "FlowControlling", "FlowControlling.csproj", "{0EC2C5F9-CAB3-480F-A537-CBCBF59302D7}"
EndProject
Project("{FAE04EC0-301F-11D3-BF4B-00C04F79EFBC}") = "ifElseIf", "..\ifElseIf\ifElseIf.csproj", "{6D34E9C2-C12E-469C-A4C1-054AC0B6569E}"
EndProject
Project("{FAE04EC0-301F-11D3-BF4B-00C04F79EFBC}") = "NestedIfElse", "..\NestedIfElse\NestedIfElse.csproj", "{4A99B069-CC8E-4EE4-8188-754AA22DC8A3}"
EndProject
Project("{FAE04EC0-301F-11D3-BF4B-00C04F79EFBC}") = "whileLoop", "whileLoop\whileLoop.csproj", "{456CA8D9-BFC5-4195-B882-3CC4D641380E}"
EndProject
Project("{FAE04EC0-301F-11D3-BF4B-00C04F79EFBC}") = "doWhileLoop", "doWhileLoop\doWhileLoop.csproj", "{B90B7F43-AC09-4C32-8579-7896AF69A165}"
EndProject
Project("{FAE04EC0-301F-11D3-BF4B-00C04F79EFBC}") = "ForLoop", "ForLoop\ForLoop.csproj", "{218CFD63-2EB8-4338-A93C-663A0D94CD8C}"
EndProject
Global
	GlobalSection(SolutionConfigurationPlatforms) = preSolution
		Debug|Any CPU = Debug|Any CPU
		Release|Any CPU = Release|Any CPU
	EndGlobalSection
	GlobalSection(ProjectConfigurationPlatforms) = postSolution
		{0EC2C5F9-CAB3-480F-A537-CBCBF59302D7}.Debug|Any CPU.ActiveCfg = Debug|Any CPU
		{0EC2C5F9-CAB3-480F-A537-CBCBF59302D7}.Debug|Any CPU.Build.0 = Debug|Any CPU
		{0EC2C5F9-CAB3-480F-A537-CBCBF59302D7}.Release|Any CPU.ActiveCfg = Release|Any CPU
		{0EC2C5F9-CAB3-480F-A537-CBCBF59302D7}.Release|Any CPU.Build.0 = Release|Any CPU
		{6D34E9C2-C12E-469C-A4C1-054AC0B6569E}.Debug|Any CPU.ActiveCfg = Debug|Any CPU
		{6D34E9C2-C12E-469C-A4C1-054AC0B6569E}.Debug|Any CPU.Build.0 = Debug|Any CPU
		{6D34E9C2-C12E-469C-A4C1-054AC0B6569E}.Release|Any CPU.ActiveCfg = Release|Any CPU
		{6D34E9C2-C12E-469C-A4C1-054AC0B6569E}.Release|Any CPU.Build.0 = Release|Any CPU
		{4A99B069-CC8E-4EE4-8188-754AA22DC8A3}.Debug|Any CPU.ActiveCfg = Debug|Any CPU
		{4A99B069-CC8E-4EE4-8188-754AA22DC8A3}.Debug|Any CPU.Build.0 = Debug|Any CPU
		{4A99B069-CC8E-4EE4-8188-754AA22DC8A3}.Release|Any CPU.ActiveCfg = Release|Any CPU
		{4A99B069-CC8E-4EE4-8188-754AA22DC8A3}.Release|Any CPU.Build.0 = Release|Any CPU
		{456CA8D9-BFC5-4195-B882-3CC4D641380E}.Debug|Any CPU.ActiveCfg = Debug|Any CPU
		{456CA8D9-BFC5-4195-B882-3CC4D641380E}.Debug|Any CPU.Build.0 = Debug|Any CPU
		{456CA8D9-BFC5-4195-B882-3CC4D641380E}.Release|Any CPU.ActiveCfg = Release|Any CPU
		{456CA8D9-BFC5-4195-B882-3CC4D641380E}.Release|Any CPU.Build.0 = Release|Any CPU
		{B90B7F43-AC09-4C32-8579-7896AF69A165}.Debug|Any CPU.ActiveCfg = Debug|Any CPU
		{B90B7F43-AC09-4C32-8579-7896AF69A165}.Debug|Any CPU.Build.0 = Debug|Any CPU
		{B90B7F43-AC09-4C32-8579-7896AF69A165}.Release|Any CPU.ActiveCfg = Release|Any CPU
		{B90B7F43-AC09-4C32-8579-7896AF69A165}.Release|Any CPU.Build.0 = Release|Any CPU
		{218CFD63-2EB8-4338-A93C-663A0D94CD8C}.Debug|Any CPU.ActiveCfg = Debug|Any CPU
		{218CFD63-2EB8-4338-A93C-663A0D94CD8C}.Debug|Any CPU.Build.0 = Debug|Any CPU
		{218CFD63-2EB8-4338-A93C-663A0D94CD8C}.Release|Any CPU.ActiveCfg = Release|Any CPU
		{218CFD63-2EB8-4338-A93C-663A0D94CD8C}.Release|Any CPU.Build.0 = Release|Any CPU
	EndGlobalSection
	GlobalSection(SolutionProperties) = preSolution
		HideSolutionNode = FALSE
	EndGlobalSection
	GlobalSection(ExtensibilityGlobals) = postSolution
		SolutionGuid = {3947BBD6-330D-4076-BA2E-1475753DFAFE}
	EndGlobalSection
EndGlobal
