
Microsoft Visual Studio Solution File, Format Version 12.00
# Visual Studio Version 17
VisualStudioVersion = 17.3.32901.215
MinimumVisualStudioVersion = 10.0.40219.1
Project("{FAE04EC0-301F-11D3-BF4B-00C04F79EFBC}") = "ConstructorsBasic", "ConstructorsBasic.csproj", "{397D8A18-DDB3-49A4-A6CE-F2B858428126}"
EndProject
Global
	GlobalSection(SolutionConfigurationPlatforms) = preSolution
		Debug|Any CPU = Debug|Any CPU
		Release|Any CPU = Release|Any CPU
	EndGlobalSection
	GlobalSection(ProjectConfigurationPlatforms) = postSolution
		{397D8A18-DDB3-49A4-A6CE-F2B858428126}.Debug|Any CPU.ActiveCfg = Debug|Any CPU
		{397D8A18-DDB3-49A4-A6CE-F2B858428126}.Debug|Any CPU.Build.0 = Debug|Any CPU
		{397D8A18-DDB3-49A4-A6CE-F2B858428126}.Release|Any CPU.ActiveCfg = Release|Any CPU
		{397D8A18-DDB3-49A4-A6CE-F2B858428126}.Release|Any CPU.Build.0 = Release|Any CPU
	EndGlobalSection
	GlobalSection(SolutionProperties) = preSolution
		HideSolutionNode = FALSE
	EndGlobalSection
	GlobalSection(ExtensibilityGlobals) = postSolution
		SolutionGuid = {D2C3AB0B-332E-41EE-B453-8A62BC50F39F}
	EndGlobalSection
EndGlobal
