
Microsoft Visual Studio Solution File, Format Version 12.00
# Visual Studio Version 17
VisualStudioVersion = 17.3.32901.215
MinimumVisualStudioVersion = 10.0.40219.1
Project("{FAE04EC0-301F-11D3-BF4B-00C04F79EFBC}") = "PieShopHRM", "PieShopHRM.csproj", "{269E495D-987A-4B65-A1B4-82AAD45B2A7F}"
EndProject
Project("{FAE04EC0-301F-11D3-BF4B-00C04F79EFBC}") = "SalaryCalculator", "..\SalaryCalculator\SalaryCalculator.csproj", "{6BBC84BA-3A58-48EA-8CCF-55228C1CA158}"
EndProject
Global
	GlobalSection(SolutionConfigurationPlatforms) = preSolution
		Debug|Any CPU = Debug|Any CPU
		Release|Any CPU = Release|Any CPU
	EndGlobalSection
	GlobalSection(ProjectConfigurationPlatforms) = postSolution
		{269E495D-987A-4B65-A1B4-82AAD45B2A7F}.Debug|Any CPU.ActiveCfg = Debug|Any CPU
		{269E495D-987A-4B65-A1B4-82AAD45B2A7F}.Debug|Any CPU.Build.0 = Debug|Any CPU
		{269E495D-987A-4B65-A1B4-82AAD45B2A7F}.Release|Any CPU.ActiveCfg = Release|Any CPU
		{269E495D-987A-4B65-A1B4-82AAD45B2A7F}.Release|Any CPU.Build.0 = Release|Any CPU
		{6BBC84BA-3A58-48EA-8CCF-55228C1CA158}.Debug|Any CPU.ActiveCfg = Debug|Any CPU
		{6BBC84BA-3A58-48EA-8CCF-55228C1CA158}.Debug|Any CPU.Build.0 = Debug|Any CPU
		{6BBC84BA-3A58-48EA-8CCF-55228C1CA158}.Release|Any CPU.ActiveCfg = Release|Any CPU
		{6BBC84BA-3A58-48EA-8CCF-55228C1CA158}.Release|Any CPU.Build.0 = Release|Any CPU
	EndGlobalSection
	GlobalSection(SolutionProperties) = preSolution
		HideSolutionNode = FALSE
	EndGlobalSection
	GlobalSection(ExtensibilityGlobals) = postSolution
		SolutionGuid = {21048EE9-CFA6-4DD3-BE94-C916C8EDBAC3}
	EndGlobalSection
EndGlobal
