
Microsoft Visual Studio Solution File, Format Version 12.00
# Visual Studio Version 17
VisualStudioVersion = 17.3.32901.215
MinimumVisualStudioVersion = 10.0.40219.1
Project("{FAE04EC0-301F-11D3-BF4B-00C04F79EFBC}") = "ResultSheetApplication", "ResultSheetApplication.csproj", "{2DAFE0BF-7013-4BAA-9EBD-F1CEC3CD0AC0}"
EndProject
Global
	GlobalSection(SolutionConfigurationPlatforms) = preSolution
		Debug|Any CPU = Debug|Any CPU
		Release|Any CPU = Release|Any CPU
	EndGlobalSection
	GlobalSection(ProjectConfigurationPlatforms) = postSolution
		{2DAFE0BF-7013-4BAA-9EBD-F1CEC3CD0AC0}.Debug|Any CPU.ActiveCfg = Debug|Any CPU
		{2DAFE0BF-7013-4BAA-9EBD-F1CEC3CD0AC0}.Debug|Any CPU.Build.0 = Debug|Any CPU
		{2DAFE0BF-7013-4BAA-9EBD-F1CEC3CD0AC0}.Release|Any CPU.ActiveCfg = Release|Any CPU
		{2DAFE0BF-7013-4BAA-9EBD-F1CEC3CD0AC0}.Release|Any CPU.Build.0 = Release|Any CPU
	EndGlobalSection
	GlobalSection(SolutionProperties) = preSolution
		HideSolutionNode = FALSE
	EndGlobalSection
	GlobalSection(ExtensibilityGlobals) = postSolution
		SolutionGuid = {B4C614CD-00EE-4DCF-B6D4-6244EA72C22F}
	EndGlobalSection
EndGlobal
