
Microsoft Visual Studio Solution File, Format Version 12.00
# Visual Studio Version 17
VisualStudioVersion = 17.3.32901.215
MinimumVisualStudioVersion = 10.0.40219.1
Project("{FAE04EC0-301F-11D3-BF4B-00C04F79EFBC}") = "DeleteElementFromPosition", "DeleteElementFromPosition.csproj", "{68594366-6CFA-4155-AEBA-8E0A511D8847}"
EndProject
Global
	GlobalSection(SolutionConfigurationPlatforms) = preSolution
		Debug|Any CPU = Debug|Any CPU
		Release|Any CPU = Release|Any CPU
	EndGlobalSection
	GlobalSection(ProjectConfigurationPlatforms) = postSolution
		{68594366-6CFA-4155-AEBA-8E0A511D8847}.Debug|Any CPU.ActiveCfg = Debug|Any CPU
		{68594366-6CFA-4155-AEBA-8E0A511D8847}.Debug|Any CPU.Build.0 = Debug|Any CPU
		{68594366-6CFA-4155-AEBA-8E0A511D8847}.Release|Any CPU.ActiveCfg = Release|Any CPU
		{68594366-6CFA-4155-AEBA-8E0A511D8847}.Release|Any CPU.Build.0 = Release|Any CPU
	EndGlobalSection
	GlobalSection(SolutionProperties) = preSolution
		HideSolutionNode = FALSE
	EndGlobalSection
	GlobalSection(ExtensibilityGlobals) = postSolution
		SolutionGuid = {BFBF25E3-DE1B-4D0C-9F03-87F2235D8AD2}
	EndGlobalSection
EndGlobal
