
Microsoft Visual Studio Solution File, Format Version 12.00
# Visual Studio Version 17
VisualStudioVersion = 17.3.32901.215
MinimumVisualStudioVersion = 10.0.40219.1
Project("{FAE04EC0-301F-11D3-BF4B-00C04F79EFBC}") = "InsertNewValueInSortedArray", "InsertNewValueInSortedArray.csproj", "{91BE8BD9-660B-4694-A738-9C1F0D63F7E3}"
EndProject
Global
	GlobalSection(SolutionConfigurationPlatforms) = preSolution
		Debug|Any CPU = Debug|Any CPU
		Release|Any CPU = Release|Any CPU
	EndGlobalSection
	GlobalSection(ProjectConfigurationPlatforms) = postSolution
		{91BE8BD9-660B-4694-A738-9C1F0D63F7E3}.Debug|Any CPU.ActiveCfg = Debug|Any CPU
		{91BE8BD9-660B-4694-A738-9C1F0D63F7E3}.Debug|Any CPU.Build.0 = Debug|Any CPU
		{91BE8BD9-660B-4694-A738-9C1F0D63F7E3}.Release|Any CPU.ActiveCfg = Release|Any CPU
		{91BE8BD9-660B-4694-A738-9C1F0D63F7E3}.Release|Any CPU.Build.0 = Release|Any CPU
	EndGlobalSection
	GlobalSection(SolutionProperties) = preSolution
		HideSolutionNode = FALSE
	EndGlobalSection
	GlobalSection(ExtensibilityGlobals) = postSolution
		SolutionGuid = {7DCFA9B2-E3CC-4666-8507-B7D7EBD3B2DF}
	EndGlobalSection
EndGlobal
