
Microsoft Visual Studio Solution File, Format Version 12.00
# Visual Studio Version 17
VisualStudioVersion = 17.3.32901.215
MinimumVisualStudioVersion = 10.0.40219.1
Project("{FAE04EC0-301F-11D3-BF4B-00C04F79EFBC}") = "SecondLargestElement", "SecondLargestElement.csproj", "{F28FB86F-CE81-4DB4-A46D-F8ACD9AD83C7}"
EndProject
Global
	GlobalSection(SolutionConfigurationPlatforms) = preSolution
		Debug|Any CPU = Debug|Any CPU
		Release|Any CPU = Release|Any CPU
	EndGlobalSection
	GlobalSection(ProjectConfigurationPlatforms) = postSolution
		{F28FB86F-CE81-4DB4-A46D-F8ACD9AD83C7}.Debug|Any CPU.ActiveCfg = Debug|Any CPU
		{F28FB86F-CE81-4DB4-A46D-F8ACD9AD83C7}.Debug|Any CPU.Build.0 = Debug|Any CPU
		{F28FB86F-CE81-4DB4-A46D-F8ACD9AD83C7}.Release|Any CPU.ActiveCfg = Release|Any CPU
		{F28FB86F-CE81-4DB4-A46D-F8ACD9AD83C7}.Release|Any CPU.Build.0 = Release|Any CPU
	EndGlobalSection
	GlobalSection(SolutionProperties) = preSolution
		HideSolutionNode = FALSE
	EndGlobalSection
	GlobalSection(ExtensibilityGlobals) = postSolution
		SolutionGuid = {3F0DA5BD-4A02-4672-92CB-7F516D5E7A95}
	EndGlobalSection
EndGlobal
