
Microsoft Visual Studio Solution File, Format Version 12.00
# Visual Studio Version 17
VisualStudioVersion = 17.3.32901.215
MinimumVisualStudioVersion = 10.0.40219.1
Project("{FAE04EC0-301F-11D3-BF4B-00C04F79EFBC}") = "KlingelnbergCustomerManagment.BusinessLogic", "KlingelnbergCustomerManagment.BusinessLogic\KlingelnbergCustomerManagment.BusinessLogic.csproj", "{735255FA-835A-4F42-AC98-7B954805025F}"
EndProject
Global
	GlobalSection(SolutionConfigurationPlatforms) = preSolution
		Debug|Any CPU = Debug|Any CPU
		Release|Any CPU = Release|Any CPU
	EndGlobalSection
	GlobalSection(ProjectConfigurationPlatforms) = postSolution
		{735255FA-835A-4F42-AC98-7B954805025F}.Debug|Any CPU.ActiveCfg = Debug|Any CPU
		{735255FA-835A-4F42-AC98-7B954805025F}.Debug|Any CPU.Build.0 = Debug|Any CPU
		{735255FA-835A-4F42-AC98-7B954805025F}.Release|Any CPU.ActiveCfg = Release|Any CPU
		{735255FA-835A-4F42-AC98-7B954805025F}.Release|Any CPU.Build.0 = Release|Any CPU
	EndGlobalSection
	GlobalSection(SolutionProperties) = preSolution
		HideSolutionNode = FALSE
	EndGlobalSection
	GlobalSection(ExtensibilityGlobals) = postSolution
		SolutionGuid = {B1993D0F-056A-41AD-B763-6C130B57672A}
	EndGlobalSection
EndGlobal
