
Microsoft Visual Studio Solution File, Format Version 12.00
# Visual Studio Version 17
VisualStudioVersion = 17.3.32901.215
MinimumVisualStudioVersion = 10.0.40219.1
Project("{FAE04EC0-301F-11D3-BF4B-00C04F79EFBC}") = "Loops", "Loops.csproj", "{153003D1-5F17-41BD-A3EA-D409E92A4C30}"
EndProject
Global
	GlobalSection(SolutionConfigurationPlatforms) = preSolution
		Debug|Any CPU = Debug|Any CPU
		Release|Any CPU = Release|Any CPU
	EndGlobalSection
	GlobalSection(ProjectConfigurationPlatforms) = postSolution
		{153003D1-5F17-41BD-A3EA-D409E92A4C30}.Debug|Any CPU.ActiveCfg = Debug|Any CPU
		{153003D1-5F17-41BD-A3EA-D409E92A4C30}.Debug|Any CPU.Build.0 = Debug|Any CPU
		{153003D1-5F17-41BD-A3EA-D409E92A4C30}.Release|Any CPU.ActiveCfg = Release|Any CPU
		{153003D1-5F17-41BD-A3EA-D409E92A4C30}.Release|Any CPU.Build.0 = Release|Any CPU
	EndGlobalSection
	GlobalSection(SolutionProperties) = preSolution
		HideSolutionNode = FALSE
	EndGlobalSection
	GlobalSection(ExtensibilityGlobals) = postSolution
		SolutionGuid = {19CB6FA4-A373-4DD2-A67D-92B70591D6AD}
	EndGlobalSection
EndGlobal
