
Microsoft Visual Studio Solution File, Format Version 12.00
# Visual Studio Version 17
VisualStudioVersion = 17.3.32901.215
MinimumVisualStudioVersion = 10.0.40219.1
Project("{FAE04EC0-301F-11D3-BF4B-00C04F79EFBC}") = "LongestCommonPrefix", "LongestCommonPrefix.csproj", "{A42A90C7-F7E0-4236-8C3C-3B25E65613E1}"
EndProject
Global
	GlobalSection(SolutionConfigurationPlatforms) = preSolution
		Debug|Any CPU = Debug|Any CPU
		Release|Any CPU = Release|Any CPU
	EndGlobalSection
	GlobalSection(ProjectConfigurationPlatforms) = postSolution
		{A42A90C7-F7E0-4236-8C3C-3B25E65613E1}.Debug|Any CPU.ActiveCfg = Debug|Any CPU
		{A42A90C7-F7E0-4236-8C3C-3B25E65613E1}.Debug|Any CPU.Build.0 = Debug|Any CPU
		{A42A90C7-F7E0-4236-8C3C-3B25E65613E1}.Release|Any CPU.ActiveCfg = Release|Any CPU
		{A42A90C7-F7E0-4236-8C3C-3B25E65613E1}.Release|Any CPU.Build.0 = Release|Any CPU
	EndGlobalSection
	GlobalSection(SolutionProperties) = preSolution
		HideSolutionNode = FALSE
	EndGlobalSection
	GlobalSection(ExtensibilityGlobals) = postSolution
		SolutionGuid = {3F83A1B5-28A7-470D-B437-436479D52317}
	EndGlobalSection
EndGlobal
