
Microsoft Visual Studio Solution File, Format Version 12.00
# Visual Studio Version 17
VisualStudioVersion = 17.3.32901.215
MinimumVisualStudioVersion = 10.0.40219.1
Project("{FAE04EC0-301F-11D3-BF4B-00C04F79EFBC}") = "Abstraction", "Abstraction.csproj", "{F1971362-5156-4AEB-BD58-F4AB837BEAD7}"
EndProject
Project("{FAE04EC0-301F-11D3-BF4B-00C04F79EFBC}") = "Abstraction2", "..\Abstraction2\Abstraction2.csproj", "{8A7EFF0B-FA0C-4073-A360-7EE1847B557B}"
EndProject
Project("{FAE04EC0-301F-11D3-BF4B-00C04F79EFBC}") = "Abstraction3", "..\Abstraction3\Abstraction3.csproj", "{2509D234-7F1A-4CA3-ABDE-88F5E2E9ED3C}"
EndProject
Project("{FAE04EC0-301F-11D3-BF4B-00C04F79EFBC}") = "Interface1", "..\Interface1\Interface1.csproj", "{BE46002D-290A-4888-8F4E-1615045F7F2C}"
EndProject
Project("{FAE04EC0-301F-11D3-BF4B-00C04F79EFBC}") = "Interface2", "..\Interface2\Interface2.csproj", "{23059692-D61B-42D8-8738-F45B441ACD8B}"
EndProject
Global
	GlobalSection(SolutionConfigurationPlatforms) = preSolution
		Debug|Any CPU = Debug|Any CPU
		Release|Any CPU = Release|Any CPU
	EndGlobalSection
	GlobalSection(ProjectConfigurationPlatforms) = postSolution
		{F1971362-5156-4AEB-BD58-F4AB837BEAD7}.Debug|Any CPU.ActiveCfg = Debug|Any CPU
		{F1971362-5156-4AEB-BD58-F4AB837BEAD7}.Debug|Any CPU.Build.0 = Debug|Any CPU
		{F1971362-5156-4AEB-BD58-F4AB837BEAD7}.Release|Any CPU.ActiveCfg = Release|Any CPU
		{F1971362-5156-4AEB-BD58-F4AB837BEAD7}.Release|Any CPU.Build.0 = Release|Any CPU
		{8A7EFF0B-FA0C-4073-A360-7EE1847B557B}.Debug|Any CPU.ActiveCfg = Debug|Any CPU
		{8A7EFF0B-FA0C-4073-A360-7EE1847B557B}.Debug|Any CPU.Build.0 = Debug|Any CPU
		{8A7EFF0B-FA0C-4073-A360-7EE1847B557B}.Release|Any CPU.ActiveCfg = Release|Any CPU
		{8A7EFF0B-FA0C-4073-A360-7EE1847B557B}.Release|Any CPU.Build.0 = Release|Any CPU
		{2509D234-7F1A-4CA3-ABDE-88F5E2E9ED3C}.Debug|Any CPU.ActiveCfg = Debug|Any CPU
		{2509D234-7F1A-4CA3-ABDE-88F5E2E9ED3C}.Debug|Any CPU.Build.0 = Debug|Any CPU
		{2509D234-7F1A-4CA3-ABDE-88F5E2E9ED3C}.Release|Any CPU.ActiveCfg = Release|Any CPU
		{2509D234-7F1A-4CA3-ABDE-88F5E2E9ED3C}.Release|Any CPU.Build.0 = Release|Any CPU
		{BE46002D-290A-4888-8F4E-1615045F7F2C}.Debug|Any CPU.ActiveCfg = Debug|Any CPU
		{BE46002D-290A-4888-8F4E-1615045F7F2C}.Debug|Any CPU.Build.0 = Debug|Any CPU
		{BE46002D-290A-4888-8F4E-1615045F7F2C}.Release|Any CPU.ActiveCfg = Release|Any CPU
		{BE46002D-290A-4888-8F4E-1615045F7F2C}.Release|Any CPU.Build.0 = Release|Any CPU
		{23059692-D61B-42D8-8738-F45B441ACD8B}.Debug|Any CPU.ActiveCfg = Debug|Any CPU
		{23059692-D61B-42D8-8738-F45B441ACD8B}.Debug|Any CPU.Build.0 = Debug|Any CPU
		{23059692-D61B-42D8-8738-F45B441ACD8B}.Release|Any CPU.ActiveCfg = Release|Any CPU
		{23059692-D61B-42D8-8738-F45B441ACD8B}.Release|Any CPU.Build.0 = Release|Any CPU
	EndGlobalSection
	GlobalSection(SolutionProperties) = preSolution
		HideSolutionNode = FALSE
	EndGlobalSection
	GlobalSection(ExtensibilityGlobals) = postSolution
		SolutionGuid = {B4277952-FCC0-42D3-B11F-526BECD4DB10}
	EndGlobalSection
EndGlobal
