
Microsoft Visual Studio Solution File, Format Version 12.00
# Visual Studio Version 17
VisualStudioVersion = 17.3.32901.215
MinimumVisualStudioVersion = 10.0.40219.1
Project("{FAE04EC0-301F-11D3-BF4B-00C04F79EFBC}") = "TypesOfConstructors", "TypesOfConstructors.csproj", "{CD205F7F-3205-490D-856B-334B5B953614}"
EndProject
Global
	GlobalSection(SolutionConfigurationPlatforms) = preSolution
		Debug|Any CPU = Debug|Any CPU
		Release|Any CPU = Release|Any CPU
	EndGlobalSection
	GlobalSection(ProjectConfigurationPlatforms) = postSolution
		{CD205F7F-3205-490D-856B-334B5B953614}.Debug|Any CPU.ActiveCfg = Debug|Any CPU
		{CD205F7F-3205-490D-856B-334B5B953614}.Debug|Any CPU.Build.0 = Debug|Any CPU
		{CD205F7F-3205-490D-856B-334B5B953614}.Release|Any CPU.ActiveCfg = Release|Any CPU
		{CD205F7F-3205-490D-856B-334B5B953614}.Release|Any CPU.Build.0 = Release|Any CPU
	EndGlobalSection
	GlobalSection(SolutionProperties) = preSolution
		HideSolutionNode = FALSE
	EndGlobalSection
	GlobalSection(ExtensibilityGlobals) = postSolution
		SolutionGuid = {BDE4A58C-2F22-45C5-897C-4B04BF5821BF}
	EndGlobalSection
EndGlobal
