
Microsoft Visual Studio Solution File, Format Version 12.00
# Visual Studio Version 17
VisualStudioVersion = 17.3.32901.215
MinimumVisualStudioVersion = 10.0.40219.1
Project("{FAE04EC0-301F-11D3-BF4B-00C04F79EFBC}") = "Method1", "Method1.csproj", "{BE0E36C6-D036-44A9-8243-0A1E290070E9}"
EndProject
Project("{FAE04EC0-301F-11D3-BF4B-00C04F79EFBC}") = "MethodWithNoReturn", "..\MethodWithNoReturn\MethodWithNoReturn.csproj", "{705892EC-1E0D-4A35-9ACA-1FB6F9F416E3}"
EndProject
Project("{FAE04EC0-301F-11D3-BF4B-00C04F79EFBC}") = "Method3", "..\Method3\Method3.csproj", "{2BB82CA4-5C6B-4A44-9970-79CE0154CC32}"
EndProject
Project("{FAE04EC0-301F-11D3-BF4B-00C04F79EFBC}") = "Method4", "..\Method4\Method4.csproj", "{70562431-52BA-47E2-96DE-9F60B40977BD}"
EndProject
Project("{FAE04EC0-301F-11D3-BF4B-00C04F79EFBC}") = "Method5", "..\Method5\Method5.csproj", "{BE97A535-80F7-4EB8-BD38-6678F6E65F4D}"
EndProject
Global
	GlobalSection(SolutionConfigurationPlatforms) = preSolution
		Debug|Any CPU = Debug|Any CPU
		Release|Any CPU = Release|Any CPU
	EndGlobalSection
	GlobalSection(ProjectConfigurationPlatforms) = postSolution
		{BE0E36C6-D036-44A9-8243-0A1E290070E9}.Debug|Any CPU.ActiveCfg = Debug|Any CPU
		{BE0E36C6-D036-44A9-8243-0A1E290070E9}.Debug|Any CPU.Build.0 = Debug|Any CPU
		{BE0E36C6-D036-44A9-8243-0A1E290070E9}.Release|Any CPU.ActiveCfg = Release|Any CPU
		{BE0E36C6-D036-44A9-8243-0A1E290070E9}.Release|Any CPU.Build.0 = Release|Any CPU
		{705892EC-1E0D-4A35-9ACA-1FB6F9F416E3}.Debug|Any CPU.ActiveCfg = Debug|Any CPU
		{705892EC-1E0D-4A35-9ACA-1FB6F9F416E3}.Debug|Any CPU.Build.0 = Debug|Any CPU
		{705892EC-1E0D-4A35-9ACA-1FB6F9F416E3}.Release|Any CPU.ActiveCfg = Release|Any CPU
		{705892EC-1E0D-4A35-9ACA-1FB6F9F416E3}.Release|Any CPU.Build.0 = Release|Any CPU
		{2BB82CA4-5C6B-4A44-9970-79CE0154CC32}.Debug|Any CPU.ActiveCfg = Debug|Any CPU
		{2BB82CA4-5C6B-4A44-9970-79CE0154CC32}.Debug|Any CPU.Build.0 = Debug|Any CPU
		{2BB82CA4-5C6B-4A44-9970-79CE0154CC32}.Release|Any CPU.ActiveCfg = Release|Any CPU
		{2BB82CA4-5C6B-4A44-9970-79CE0154CC32}.Release|Any CPU.Build.0 = Release|Any CPU
		{70562431-52BA-47E2-96DE-9F60B40977BD}.Debug|Any CPU.ActiveCfg = Debug|Any CPU
		{70562431-52BA-47E2-96DE-9F60B40977BD}.Debug|Any CPU.Build.0 = Debug|Any CPU
		{70562431-52BA-47E2-96DE-9F60B40977BD}.Release|Any CPU.ActiveCfg = Release|Any CPU
		{70562431-52BA-47E2-96DE-9F60B40977BD}.Release|Any CPU.Build.0 = Release|Any CPU
		{BE97A535-80F7-4EB8-BD38-6678F6E65F4D}.Debug|Any CPU.ActiveCfg = Debug|Any CPU
		{BE97A535-80F7-4EB8-BD38-6678F6E65F4D}.Debug|Any CPU.Build.0 = Debug|Any CPU
		{BE97A535-80F7-4EB8-BD38-6678F6E65F4D}.Release|Any CPU.ActiveCfg = Release|Any CPU
		{BE97A535-80F7-4EB8-BD38-6678F6E65F4D}.Release|Any CPU.Build.0 = Release|Any CPU
	EndGlobalSection
	GlobalSection(SolutionProperties) = preSolution
		HideSolutionNode = FALSE
	EndGlobalSection
	GlobalSection(ExtensibilityGlobals) = postSolution
		SolutionGuid = {BBBF00D4-FD3C-4904-8FF0-C60D0D7EE615}
	EndGlobalSection
EndGlobal
